
Microsoft Visual Studio Solution File, Format Version 12.00
# Visual Studio Version 16
VisualStudioVersion = 16.0.29306.81
MinimumVisualStudioVersion = 10.0.40219.1
Project("{FAE04EC0-301F-11D3-BF4B-00C04F79EFBC}") = "bankAPI", "bankAPI\bankAPI.csproj", "{76774C76-E0ED-4E0D-9347-A53FD7A7361A}"
EndProject
Project("{FAE04EC0-301F-11D3-BF4B-00C04F79EFBC}") = "Revolut.Domain", "Revolut.Domain\Revolut.Domain.csproj", "{6BCDA0CF-2E5E-4073-9FE6-858A344C2A8F}"
EndProject
Project("{FAE04EC0-301F-11D3-BF4B-00C04F79EFBC}") = "Revolut.Database", "Revolut.Database\Revolut.Database.csproj", "{788AE4BF-2C43-403E-8ACB-A4BFF5ED296F}"
EndProject
Global
	GlobalSection(SolutionConfigurationPlatforms) = preSolution
		Debug|Any CPU = Debug|Any CPU
		Release|Any CPU = Release|Any CPU
	EndGlobalSection
	GlobalSection(ProjectConfigurationPlatforms) = postSolution
		{76774C76-E0ED-4E0D-9347-A53FD7A7361A}.Debug|Any CPU.ActiveCfg = Debug|Any CPU
		{76774C76-E0ED-4E0D-9347-A53FD7A7361A}.Debug|Any CPU.Build.0 = Debug|Any CPU
		{76774C76-E0ED-4E0D-9347-A53FD7A7361A}.Release|Any CPU.ActiveCfg = Release|Any CPU
		{76774C76-E0ED-4E0D-9347-A53FD7A7361A}.Release|Any CPU.Build.0 = Release|Any CPU
		{6BCDA0CF-2E5E-4073-9FE6-858A344C2A8F}.Debug|Any CPU.ActiveCfg = Debug|Any CPU
		{6BCDA0CF-2E5E-4073-9FE6-858A344C2A8F}.Debug|Any CPU.Build.0 = Debug|Any CPU
		{6BCDA0CF-2E5E-4073-9FE6-858A344C2A8F}.Release|Any CPU.ActiveCfg = Release|Any CPU
		{6BCDA0CF-2E5E-4073-9FE6-858A344C2A8F}.Release|Any CPU.Build.0 = Release|Any CPU
		{788AE4BF-2C43-403E-8ACB-A4BFF5ED296F}.Debug|Any CPU.ActiveCfg = Debug|Any CPU
		{788AE4BF-2C43-403E-8ACB-A4BFF5ED296F}.Debug|Any CPU.Build.0 = Debug|Any CPU
		{788AE4BF-2C43-403E-8ACB-A4BFF5ED296F}.Release|Any CPU.ActiveCfg = Release|Any CPU
		{788AE4BF-2C43-403E-8ACB-A4BFF5ED296F}.Release|Any CPU.Build.0 = Release|Any CPU
	EndGlobalSection
	GlobalSection(SolutionProperties) = preSolution
		HideSolutionNode = FALSE
	EndGlobalSection
	GlobalSection(ExtensibilityGlobals) = postSolution
		SolutionGuid = {65995CA8-2C0F-495F-86AC-DA0E1ECC453B}
	EndGlobalSection
EndGlobal
